
Microsoft Visual Studio Solution File, Format Version 12.00
# Visual Studio Version 17
VisualStudioVersion = 17.11.35327.3
MinimumVisualStudioVersion = 10.0.40219.1
Project("{FAE04EC0-301F-11D3-BF4B-00C04F79EFBC}") = "ssprokofeva_lab_1", "ssprokofeva_lab_1\ssprokofeva_lab_1.csproj", "{A0737A28-CF50-4654-BB4A-72B2090217E7}"
EndProject
Project("{FAE04EC0-301F-11D3-BF4B-00C04F79EFBC}") = "ssprokofeva", "ssprokofeva\ssprokofeva.csproj", "{FE179B6E-29AB-4C77-8AE0-D2115D595A04}"
EndProject
Global
	GlobalSection(SolutionConfigurationPlatforms) = preSolution
		Debug|Any CPU = Debug|Any CPU
		Release|Any CPU = Release|Any CPU
	EndGlobalSection
	GlobalSection(ProjectConfigurationPlatforms) = postSolution
		{A0737A28-CF50-4654-BB4A-72B2090217E7}.Debug|Any CPU.ActiveCfg = Debug|Any CPU
		{A0737A28-CF50-4654-BB4A-72B2090217E7}.Debug|Any CPU.Build.0 = Debug|Any CPU
		{A0737A28-CF50-4654-BB4A-72B2090217E7}.Release|Any CPU.ActiveCfg = Release|Any CPU
		{A0737A28-CF50-4654-BB4A-72B2090217E7}.Release|Any CPU.Build.0 = Release|Any CPU
		{FE179B6E-29AB-4C77-8AE0-D2115D595A04}.Debug|Any CPU.ActiveCfg = Debug|Any CPU
		{FE179B6E-29AB-4C77-8AE0-D2115D595A04}.Debug|Any CPU.Build.0 = Debug|Any CPU
		{FE179B6E-29AB-4C77-8AE0-D2115D595A04}.Release|Any CPU.ActiveCfg = Release|Any CPU
		{FE179B6E-29AB-4C77-8AE0-D2115D595A04}.Release|Any CPU.Build.0 = Release|Any CPU
	EndGlobalSection
	GlobalSection(SolutionProperties) = preSolution
		HideSolutionNode = FALSE
	EndGlobalSection
	GlobalSection(ExtensibilityGlobals) = postSolution
		SolutionGuid = {8D36001C-A4F5-47CF-9C9C-DC7A630C0468}
	EndGlobalSection
EndGlobal
